{
    "version": 3,
    "terraform_version": "0.11.8",
    "serial": 2,
    "lineage": "903d17f5-a57c-2dac-95e9-6b366ca8cc6f",
    "modules": [
        {
            "path": [
                "root"
            ],
            "outputs": {},
            "resources": {
                "kubernetes_namespace.terraform": {
                    "type": "kubernetes_namespace",
                    "depends_on": [],
                    "primary": {
                        "id": "terraform",
                        "attributes": {
                            "id": "terraform",
                            "metadata.#": "1",
                            "metadata.0.annotations.%": "0",
                            "metadata.0.generate_name": "",
                            "metadata.0.generation": "0",
                            "metadata.0.labels.%": "0",
                            "metadata.0.name": "terraform",
                            "metadata.0.resource_version": "3581",
                            "metadata.0.self_link": "/api/v1/namespaces/terraform",
                            "metadata.0.uid": "3cfd1c28-0e65-11e9-b610-000c290ba803"
                        },
                        "meta": {},
                        "tainted": false
                    },
                    "deposed": [],
                    "provider": "provider.kubernetes"
                }
            },
            "depends_on": []
        }
    ]
}
